{
  "name": "msite-course",
  "version": "1.0.0",
  "lockfileVersion": 1,
  "requires": true,
  "dependencies": {
    "@babel/runtime": {
      "version": "7.9.6",
      "resolved": "https://registry.npm.taobao.org/@babel/runtime/download/@babel/runtime-7.9.6.tgz",
      "requires": {
        "regenerator-runtime": "^0.13.4"
      },
      "dependencies": {
        "regenerator-runtime": {
          "version": "0.13.5",
          "bundled": true
        }
      }
    },
    "@vant/icons": {
      "version": "1.1.7",
      "resolved": "https://registry.npm.taobao.org/@vant/icons/download/@vant/icons-1.1.7.tgz"
    },
    "@vue/babel-helper-vue-jsx-merge-props": {
      "version": "1.0.0",
      "resolved": "https://registry.npm.taobao.org/@vue/babel-helper-vue-jsx-merge-props/download/@vue/babel-helper-vue-jsx-merge-props-1.0.0.tgz"
    },
    "vant": {
      "version": "1.6.24",
      "resolved": "https://registry.npm.taobao.org/vant/download/vant-1.6.24.tgz?cache=0&sync_timestamp=1588675529455&other_urls=https%3A%2F%2Fregistry.npm.taobao.org%2Fvant%2Fdownload%2Fvant-1.6.24.tgz",
      "integrity": "sha1-D8d5MKfy6lpk++TiP+/UH5kRhZc=",
      "requires": {
        "@babel/runtime": "^7.4.3",
        "@vant/icons": "1.1.7",
        "@vue/babel-helper-vue-jsx-merge-props": "^1.0.0-beta.3",
        "vue-lazyload": "1.2.3"
      },
      "dependencies": {
        "vue-lazyload": {
          "version": "1.2.3",
          "resolved": "https://registry.npm.taobao.org/vue-lazyload/download/vue-lazyload-1.2.3.tgz?cache=0&sync_timestamp=1568830051812&other_urls=https%3A%2F%2Fregistry.npm.taobao.org%2Fvue-lazyload%2Fdownload%2Fvue-lazyload-1.2.3.tgz",
          "integrity": "sha1-kB+ewVx+bKeHgaK65KNDaGve2yw="
        }
      }
    },
    "vue": {
      "version": "2.6.11",
      "resolved": "https://registry.npm.taobao.org/vue/download/vue-2.6.11.tgz?cache=0&sync_timestamp=1588628436900&other_urls=https%3A%2F%2Fregistry.npm.taobao.org%2Fvue%2Fdownload%2Fvue-2.6.11.tgz"
    }
  }
}
